
Microsoft Visual Studio Solution File, Format Version 12.00
# Visual Studio Version 16
VisualStudioVersion = 16.0.31321.278
MinimumVisualStudioVersion = 10.0.40219.1
Project("{9A19103F-16F7-4668-BE54-9A1E7A4F7556}") = "LocalizedEnumBindingExample", "LocalizedEnumBindingExample.csproj", "{EA1CBC65-B380-4CE3-903A-A91CAEBA028A}"
EndProject
Global
	GlobalSection(SolutionConfigurationPlatforms) = preSolution
		Debug|Any CPU = Debug|Any CPU
		Release|Any CPU = Release|Any CPU
	EndGlobalSection
	GlobalSection(ProjectConfigurationPlatforms) = postSolution
		{EA1CBC65-B380-4CE3-903A-A91CAEBA028A}.Debug|Any CPU.ActiveCfg = Debug|Any CPU
		{EA1CBC65-B380-4CE3-903A-A91CAEBA028A}.Debug|Any CPU.Build.0 = Debug|Any CPU
		{EA1CBC65-B380-4CE3-903A-A91CAEBA028A}.Release|Any CPU.ActiveCfg = Release|Any CPU
		{EA1CBC65-B380-4CE3-903A-A91CAEBA028A}.Release|Any CPU.Build.0 = Release|Any CPU
	EndGlobalSection
	GlobalSection(SolutionProperties) = preSolution
		HideSolutionNode = FALSE
	EndGlobalSection
	GlobalSection(ExtensibilityGlobals) = postSolution
		SolutionGuid = {4470335F-B7A2-46B2-9290-CBB8D0C4A33E}
	EndGlobalSection
EndGlobal
